// !$*UTF8*$!
{
	archiveVersion = 1;
	classes = {
	};
	objectVersion = 46;
	objects = {

/* Begin PBXBuildFile section */
		156F168AEB9166D4BAAC9C1D /* CriteriaFormView.swift in Sources */ = {isa = PBXBuildFile; fileRef = E824CF21584432497B0EDE94 /* CriteriaFormView.swift */; };
		212110756A3FBB0BC6B479BC /* Assets.xcassets in Resources */ = {isa = PBXBuildFile; fileRef = CF80C19E0AE7BE95ACD38D37 /* Assets.xcassets */; };
		39D90C37FDAA44979AAA7B81 /* CriteriaEvaluator.swift in Sources */ = {isa = PBXBuildFile; fileRef = 002A558C20DC85EAAC7745BA /* CriteriaEvaluator.swift */; };
		556628D1865998B8320499AF /* PhotoPrismSyncCore.swift in Sources */ = {isa = PBXBuildFile; fileRef = FB041655C481313B6D3516D1 /* PhotoPrismSyncCore.swift */; };
		7814F9C6F8E9D9AB9333A85F /* KeychainStore.swift in Sources */ = {isa = PBXBuildFile; fileRef = C64B33A8121B770DD0D6E732 /* KeychainStore.swift */; };
		7FA129E4C6A468ED26A770CD /* UploadExecutionCoordinator.swift in Sources */ = {isa = PBXBuildFile; fileRef = 447C8CEFF039398D17F07A30 /* UploadExecutionCoordinator.swift */; };
		8C5B1DBE48256FA74429682F /* PhotoPrismClient.swift in Sources */ = {isa = PBXBuildFile; fileRef = C1A6D80124E285159AABF2B3 /* PhotoPrismClient.swift */; };
		94CBBDD86218FC1528DB4DDF /* AppViewModel.swift in Sources */ = {isa = PBXBuildFile; fileRef = 98FC26F363326C7CE1BB7C49 /* AppViewModel.swift */; };
		AC56488C40EF2997AFB335A7 /* PreviewGridView.swift in Sources */ = {isa = PBXBuildFile; fileRef = 3EB4CB7D255DC89F746B7879 /* PreviewGridView.swift */; };
		AE366E750B98AE6286C95AA3 /* Models.swift in Sources */ = {isa = PBXBuildFile; fileRef = 326909429EC483BA1F58BC1C /* Models.swift */; };
		BE87B8DC623CE9755A853235 /* PhotoPrismSyncApp.swift in Sources */ = {isa = PBXBuildFile; fileRef = EA522BAD7852307A820B5A07 /* PhotoPrismSyncApp.swift */; };
		C2BD09FCB6359283A76B6078 /* ContentView.swift in Sources */ = {isa = PBXBuildFile; fileRef = 1DE634CC962C075CEB3808B6 /* ContentView.swift */; };
		D32A39344B63260F2F8F05F6 /* LocalPhotoLibraryService.swift in Sources */ = {isa = PBXBuildFile; fileRef = 75A42EBD42AA9D3668628F13 /* LocalPhotoLibraryService.swift */; };
		D5D7A54A7E01C4E18274D007 /* SettingsView.swift in Sources */ = {isa = PBXBuildFile; fileRef = 381CC38DF1E0328FA3F7F4F7 /* SettingsView.swift */; };
		D7ADC7B6956E4B04D183A2A4 /* Foundation.framework in Frameworks */ = {isa = PBXBuildFile; fileRef = 86AA230A0491A7595C3D3495 /* Foundation.framework */; };
		EDE482373EC346B2680B9357 /* AppSettingsStore.swift in Sources */ = {isa = PBXBuildFile; fileRef = 1AA335C49B2EEB95FACF1312 /* AppSettingsStore.swift */; };
/* End PBXBuildFile section */

/* Begin PBXFileReference section */
		002A558C20DC85EAAC7745BA /* CriteriaEvaluator.swift */ = {isa = PBXFileReference; includeInIndex = 1; lastKnownFileType = sourcecode.swift; name = CriteriaEvaluator.swift; path = Sources/PhotoPrismSyncCore/CriteriaEvaluator.swift; sourceTree = "<group>"; };
		1AA335C49B2EEB95FACF1312 /* AppSettingsStore.swift */ = {isa = PBXFileReference; includeInIndex = 1; lastKnownFileType = sourcecode.swift; name = AppSettingsStore.swift; path = PhotoPrismSync/Services/AppSettingsStore.swift; sourceTree = "<group>"; };
		1DE634CC962C075CEB3808B6 /* ContentView.swift */ = {isa = PBXFileReference; includeInIndex = 1; lastKnownFileType = sourcecode.swift; name = ContentView.swift; path = PhotoPrismSync/ContentView.swift; sourceTree = "<group>"; };
		326909429EC483BA1F58BC1C /* Models.swift */ = {isa = PBXFileReference; includeInIndex = 1; lastKnownFileType = sourcecode.swift; name = Models.swift; path = Sources/PhotoPrismSyncCore/Models.swift; sourceTree = "<group>"; };
		381CC38DF1E0328FA3F7F4F7 /* SettingsView.swift */ = {isa = PBXFileReference; includeInIndex = 1; lastKnownFileType = sourcecode.swift; name = SettingsView.swift; path = PhotoPrismSync/Views/SettingsView.swift; sourceTree = "<group>"; };
		3EB4CB7D255DC89F746B7879 /* PreviewGridView.swift */ = {isa = PBXFileReference; includeInIndex = 1; lastKnownFileType = sourcecode.swift; name = PreviewGridView.swift; path = PhotoPrismSync/Views/PreviewGridView.swift; sourceTree = "<group>"; };
		447C8CEFF039398D17F07A30 /* UploadExecutionCoordinator.swift */ = {isa = PBXFileReference; includeInIndex = 1; lastKnownFileType = sourcecode.swift; name = UploadExecutionCoordinator.swift; path = Sources/PhotoPrismSyncCore/UploadExecutionCoordinator.swift; sourceTree = "<group>"; };
		6E90B07DCCAEC4747839CF30 /* PhotoPrismSync.app */ = {isa = PBXFileReference; explicitFileType = wrapper.application; includeInIndex = 0; path = PhotoPrismSync.app; sourceTree = BUILT_PRODUCTS_DIR; };
		75A42EBD42AA9D3668628F13 /* LocalPhotoLibraryService.swift */ = {isa = PBXFileReference; includeInIndex = 1; lastKnownFileType = sourcecode.swift; name = LocalPhotoLibraryService.swift; path = PhotoPrismSync/Services/LocalPhotoLibraryService.swift; sourceTree = "<group>"; };
		86AA230A0491A7595C3D3495 /* Foundation.framework */ = {isa = PBXFileReference; lastKnownFileType = wrapper.framework; name = Foundation.framework; path = Platforms/iPhoneOS.platform/Developer/SDKs/iPhoneOS26.0.sdk/System/Library/Frameworks/Foundation.framework; sourceTree = DEVELOPER_DIR; };
		93B6256C1C853B7C143FC6EA /* Info.plist */ = {isa = PBXFileReference; includeInIndex = 1; lastKnownFileType = text.plist.xml; name = Info.plist; path = PhotoPrismSync/Resources/Info.plist; sourceTree = "<group>"; };
		98FC26F363326C7CE1BB7C49 /* AppViewModel.swift */ = {isa = PBXFileReference; includeInIndex = 1; lastKnownFileType = sourcecode.swift; name = AppViewModel.swift; path = PhotoPrismSync/ViewModels/AppViewModel.swift; sourceTree = "<group>"; };
		C1A6D80124E285159AABF2B3 /* PhotoPrismClient.swift */ = {isa = PBXFileReference; includeInIndex = 1; lastKnownFileType = sourcecode.swift; name = PhotoPrismClient.swift; path = PhotoPrismSync/Services/PhotoPrismClient.swift; sourceTree = "<group>"; };
		C64B33A8121B770DD0D6E732 /* KeychainStore.swift */ = {isa = PBXFileReference; includeInIndex = 1; lastKnownFileType = sourcecode.swift; name = KeychainStore.swift; path = PhotoPrismSync/Services/KeychainStore.swift; sourceTree = "<group>"; };
		CF80C19E0AE7BE95ACD38D37 /* Assets.xcassets */ = {isa = PBXFileReference; includeInIndex = 1; lastKnownFileType = folder.assetcatalog; name = Assets.xcassets; path = PhotoPrismSync/Resources/Assets.xcassets; sourceTree = "<group>"; };
		E824CF21584432497B0EDE94 /* CriteriaFormView.swift */ = {isa = PBXFileReference; includeInIndex = 1; lastKnownFileType = sourcecode.swift; name = CriteriaFormView.swift; path = PhotoPrismSync/Views/CriteriaFormView.swift; sourceTree = "<group>"; };
		EA522BAD7852307A820B5A07 /* PhotoPrismSyncApp.swift */ = {isa = PBXFileReference; includeInIndex = 1; lastKnownFileType = sourcecode.swift; name = PhotoPrismSyncApp.swift; path = PhotoPrismSync/PhotoPrismSyncApp.swift; sourceTree = "<group>"; };
		FB041655C481313B6D3516D1 /* PhotoPrismSyncCore.swift */ = {isa = PBXFileReference; includeInIndex = 1; lastKnownFileType = sourcecode.swift; name = PhotoPrismSyncCore.swift; path = Sources/PhotoPrismSyncCore/PhotoPrismSyncCore.swift; sourceTree = "<group>"; };
/* End PBXFileReference section */

/* Begin PBXFrameworksBuildPhase section */
		C6AFEE2CD4D73B3384A64E2B /* Frameworks */ = {
			isa = PBXFrameworksBuildPhase;
			buildActionMask = 2147483647;
			files = (
				D7ADC7B6956E4B04D183A2A4 /* Foundation.framework in Frameworks */,
			);
			runOnlyForDeploymentPostprocessing = 0;
		};
/* End PBXFrameworksBuildPhase section */

/* Begin PBXGroup section */
		02C8F6459E59C1ACE09F11F6 /* ViewModels */ = {
			isa = PBXGroup;
			children = (
				98FC26F363326C7CE1BB7C49 /* AppViewModel.swift */,
			);
			name = ViewModels;
			sourceTree = "<group>";
		};
		3E3EED2952409B86836C6314 /* Sources */ = {
			isa = PBXGroup;
			children = (
				52912FB9CE789F64F4E9F7B3 /* PhotoPrismSyncCore */,
			);
			name = Sources;
			sourceTree = "<group>";
		};
		52912FB9CE789F64F4E9F7B3 /* PhotoPrismSyncCore */ = {
			isa = PBXGroup;
			children = (
				326909429EC483BA1F58BC1C /* Models.swift */,
				002A558C20DC85EAAC7745BA /* CriteriaEvaluator.swift */,
				FB041655C481313B6D3516D1 /* PhotoPrismSyncCore.swift */,
				447C8CEFF039398D17F07A30 /* UploadExecutionCoordinator.swift */,
			);
			name = PhotoPrismSyncCore;
			sourceTree = "<group>";
		};
		6BC52049EDC8E30C48B44AD3 = {
			isa = PBXGroup;
			children = (
				8001AF647D4852EA48848D06 /* Products */,
				F31292A4870613455951A44D /* Frameworks */,
				E04F906A9E5495F2D1297550 /* PhotoPrismSync */,
				3E3EED2952409B86836C6314 /* Sources */,
			);
			sourceTree = "<group>";
		};
		74596DFC5D21E4996AF91725 /* Views */ = {
			isa = PBXGroup;
			children = (
				E824CF21584432497B0EDE94 /* CriteriaFormView.swift */,
				3EB4CB7D255DC89F746B7879 /* PreviewGridView.swift */,
				381CC38DF1E0328FA3F7F4F7 /* SettingsView.swift */,
			);
			name = Views;
			sourceTree = "<group>";
		};
		8001AF647D4852EA48848D06 /* Products */ = {
			isa = PBXGroup;
			children = (
				6E90B07DCCAEC4747839CF30 /* PhotoPrismSync.app */,
			);
			name = Products;
			sourceTree = "<group>";
		};
		9C142A7BD35C1B8BBD2E4A6C /* iOS */ = {
			isa = PBXGroup;
			children = (
				86AA230A0491A7595C3D3495 /* Foundation.framework */,
			);
			name = iOS;
			sourceTree = "<group>";
		};
		C3EDF48B5EDFD636FF0EDDB2 /* Services */ = {
			isa = PBXGroup;
			children = (
				1AA335C49B2EEB95FACF1312 /* AppSettingsStore.swift */,
				C64B33A8121B770DD0D6E732 /* KeychainStore.swift */,
				75A42EBD42AA9D3668628F13 /* LocalPhotoLibraryService.swift */,
				C1A6D80124E285159AABF2B3 /* PhotoPrismClient.swift */,
			);
			name = Services;
			sourceTree = "<group>";
		};
		E04F906A9E5495F2D1297550 /* PhotoPrismSync */ = {
			isa = PBXGroup;
			children = (
				C3EDF48B5EDFD636FF0EDDB2 /* Services */,
				02C8F6459E59C1ACE09F11F6 /* ViewModels */,
				74596DFC5D21E4996AF91725 /* Views */,
				FD09AFA1D2C908F38DB06350 /* Resources */,
				EA522BAD7852307A820B5A07 /* PhotoPrismSyncApp.swift */,
				1DE634CC962C075CEB3808B6 /* ContentView.swift */,
			);
			name = PhotoPrismSync;
			sourceTree = "<group>";
		};
		F31292A4870613455951A44D /* Frameworks */ = {
			isa = PBXGroup;
			children = (
				9C142A7BD35C1B8BBD2E4A6C /* iOS */,
			);
			name = Frameworks;
			sourceTree = "<group>";
		};
		FD09AFA1D2C908F38DB06350 /* Resources */ = {
			isa = PBXGroup;
			children = (
				93B6256C1C853B7C143FC6EA /* Info.plist */,
				CF80C19E0AE7BE95ACD38D37 /* Assets.xcassets */,
			);
			name = Resources;
			sourceTree = "<group>";
		};
/* End PBXGroup section */

/* Begin PBXNativeTarget section */
		05D2A69FA3E62408F48B52C7 /* PhotoPrismSync */ = {
			isa = PBXNativeTarget;
			buildConfigurationList = 3805F239F75BC14925DA7F89 /* Build configuration list for PBXNativeTarget "PhotoPrismSync" */;
			buildPhases = (
				A8A723634FBB0762283B11EF /* Sources */,
				C6AFEE2CD4D73B3384A64E2B /* Frameworks */,
				FB6812F780A43584DFF6831A /* Resources */,
			);
			buildRules = (
			);
			dependencies = (
			);
			name = PhotoPrismSync;
			productName = PhotoPrismSync;
			productReference = 6E90B07DCCAEC4747839CF30 /* PhotoPrismSync.app */;
			productType = "com.apple.product-type.application";
		};
/* End PBXNativeTarget section */

/* Begin PBXProject section */
		651667423B5171AC7AFB0C3D /* Project object */ = {
			isa = PBXProject;
			attributes = {
				LastSwiftUpdateCheck = 1600;
				LastUpgradeCheck = 1600;
				TargetAttributes = {
					05D2A69FA3E62408F48B52C7 = {
						DevelopmentTeam = B43F62RS7W;
						ProvisioningStyle = Automatic;
					};
				};
			};
			buildConfigurationList = 74EEC96DD66EE305E4AFE76B /* Build configuration list for PBXProject "PhotoPrismSync" */;
			compatibilityVersion = "Xcode 3.2";
			developmentRegion = en;
			hasScannedForEncodings = 0;
			knownRegions = (
				en,
				Base,
			);
			mainGroup = 6BC52049EDC8E30C48B44AD3;
			productRefGroup = 8001AF647D4852EA48848D06 /* Products */;
			projectDirPath = "";
			projectRoot = "";
			targets = (
				05D2A69FA3E62408F48B52C7 /* PhotoPrismSync */,
			);
		};
/* End PBXProject section */

/* Begin PBXResourcesBuildPhase section */
		FB6812F780A43584DFF6831A /* Resources */ = {
			isa = PBXResourcesBuildPhase;
			buildActionMask = 2147483647;
			files = (
				212110756A3FBB0BC6B479BC /* Assets.xcassets in Resources */,
			);
			runOnlyForDeploymentPostprocessing = 0;
		};
/* End PBXResourcesBuildPhase section */

/* Begin PBXSourcesBuildPhase section */
		A8A723634FBB0762283B11EF /* Sources */ = {
			isa = PBXSourcesBuildPhase;
			buildActionMask = 2147483647;
			files = (
				BE87B8DC623CE9755A853235 /* PhotoPrismSyncApp.swift in Sources */,
				C2BD09FCB6359283A76B6078 /* ContentView.swift in Sources */,
				EDE482373EC346B2680B9357 /* AppSettingsStore.swift in Sources */,
				7814F9C6F8E9D9AB9333A85F /* KeychainStore.swift in Sources */,
				D32A39344B63260F2F8F05F6 /* LocalPhotoLibraryService.swift in Sources */,
				8C5B1DBE48256FA74429682F /* PhotoPrismClient.swift in Sources */,
				94CBBDD86218FC1528DB4DDF /* AppViewModel.swift in Sources */,
				156F168AEB9166D4BAAC9C1D /* CriteriaFormView.swift in Sources */,
				AC56488C40EF2997AFB335A7 /* PreviewGridView.swift in Sources */,
				D5D7A54A7E01C4E18274D007 /* SettingsView.swift in Sources */,
				AE366E750B98AE6286C95AA3 /* Models.swift in Sources */,
				39D90C37FDAA44979AAA7B81 /* CriteriaEvaluator.swift in Sources */,
				556628D1865998B8320499AF /* PhotoPrismSyncCore.swift in Sources */,
				7FA129E4C6A468ED26A770CD /* UploadExecutionCoordinator.swift in Sources */,
			);
			runOnlyForDeploymentPostprocessing = 0;
		};
/* End PBXSourcesBuildPhase section */

/* Begin XCBuildConfiguration section */
		574B92DBCA6585BEEFB6AB8D /* Debug */ = {
			isa = XCBuildConfiguration;
			buildSettings = {
				ALWAYS_SEARCH_USER_PATHS = NO;
				CLANG_ANALYZER_NONNULL = YES;
				CLANG_ANALYZER_NUMBER_OBJECT_CONVERSION = YES_AGGRESSIVE;
				CLANG_CXX_LANGUAGE_STANDARD = "gnu++14";
				CLANG_CXX_LIBRARY = "libc++";
				CLANG_ENABLE_MODULES = YES;
				CLANG_ENABLE_OBJC_ARC = YES;
				CLANG_ENABLE_OBJC_WEAK = YES;
				CLANG_WARN_BLOCK_CAPTURE_AUTORELEASING = YES;
				CLANG_WARN_BOOL_CONVERSION = YES;
				CLANG_WARN_COMMA = YES;
				CLANG_WARN_CONSTANT_CONVERSION = YES;
				CLANG_WARN_DEPRECATED_OBJC_IMPLEMENTATIONS = YES;
				CLANG_WARN_DIRECT_OBJC_ISA_USAGE = YES_ERROR;
				CLANG_WARN_DOCUMENTATION_COMMENTS = YES;
				CLANG_WARN_EMPTY_BODY = YES;
				CLANG_WARN_ENUM_CONVERSION = YES;
				CLANG_WARN_INFINITE_RECURSION = YES;
				CLANG_WARN_INT_CONVERSION = YES;
				CLANG_WARN_NON_LITERAL_NULL_CONVERSION = YES;
				CLANG_WARN_OBJC_IMPLICIT_RETAIN_SELF = YES;
				CLANG_WARN_OBJC_LITERAL_CONVERSION = YES;
				CLANG_WARN_OBJC_ROOT_CLASS = YES_ERROR;
				CLANG_WARN_QUOTED_INCLUDE_IN_FRAMEWORK_HEADER = YES;
				CLANG_WARN_RANGE_LOOP_ANALYSIS = YES;
				CLANG_WARN_STRICT_PROTOTYPES = YES;
				CLANG_WARN_SUSPICIOUS_MOVE = YES;
				CLANG_WARN_UNGUARDED_AVAILABILITY = YES_AGGRESSIVE;
				CLANG_WARN_UNREACHABLE_CODE = YES;
				CLANG_WARN__DUPLICATE_METHOD_MATCH = YES;
				COPY_PHASE_STRIP = NO;
				DEBUG_INFORMATION_FORMAT = dwarf;
				ENABLE_STRICT_OBJC_MSGSEND = YES;
				ENABLE_TESTABILITY = YES;
				GCC_C_LANGUAGE_STANDARD = gnu11;
				GCC_DYNAMIC_NO_PIC = NO;
				GCC_NO_COMMON_BLOCKS = YES;
				GCC_OPTIMIZATION_LEVEL = 0;
				GCC_PREPROCESSOR_DEFINITIONS = (
					"DEBUG=1",
					"$(inherited)",
				);
				GCC_WARN_64_TO_32_BIT_CONVERSION = YES;
				GCC_WARN_ABOUT_RETURN_TYPE = YES_ERROR;
				GCC_WARN_UNDECLARED_SELECTOR = YES;
				GCC_WARN_UNINITIALIZED_AUTOS = YES_AGGRESSIVE;
				GCC_WARN_UNUSED_FUNCTION = YES;
				GCC_WARN_UNUSED_VARIABLE = YES;
				IPHONEOS_DEPLOYMENT_TARGET = 17.0;
				MTL_ENABLE_DEBUG_INFO = INCLUDE_SOURCE;
				MTL_FAST_MATH = YES;
				ONLY_ACTIVE_ARCH = YES;
				PRODUCT_NAME = "$(TARGET_NAME)";
				SWIFT_ACTIVE_COMPILATION_CONDITIONS = DEBUG;
				SWIFT_OPTIMIZATION_LEVEL = "-Onone";
				SWIFT_VERSION = 6.0;
			};
			name = Debug;
		};
		76534E3A06C3AAD8291F74D5 /* Debug */ = {
			isa = XCBuildConfiguration;
			buildSettings = {
				ASSETCATALOG_COMPILER_APPICON_NAME = AppIcon;
				ASSETCATALOG_COMPILER_GLOBAL_ACCENT_COLOR_NAME = AccentColor;
				CLANG_ENABLE_OBJC_WEAK = NO;
				CODE_SIGN_STYLE = Automatic;
				CURRENT_PROJECT_VERSION = 1;
				DEVELOPMENT_TEAM = B43F62RS7W;
				ENABLE_PREVIEWS = YES;
				GENERATE_INFOPLIST_FILE = NO;
				INFOPLIST_FILE = PhotoPrismSync/Resources/Info.plist;
				IPHONEOS_DEPLOYMENT_TARGET = 17.0;
				LD_RUNPATH_SEARCH_PATHS = "$(inherited) @executable_path/Frameworks";
				MARKETING_VERSION = 1.0;
				PRODUCT_BUNDLE_IDENTIFIER = com.mpowney.PhotoPrismSync;
				SDKROOT = iphoneos;
				SUPPORTS_MACCATALYST = NO;
				SWIFT_VERSION = 6.0;
				TARGETED_DEVICE_FAMILY = 1;
			};
			name = Debug;
		};
		7841410AC12759F64EEAC343 /* Release */ = {
			isa = XCBuildConfiguration;
			buildSettings = {
				ASSETCATALOG_COMPILER_APPICON_NAME = AppIcon;
				ASSETCATALOG_COMPILER_GLOBAL_ACCENT_COLOR_NAME = AccentColor;
				CLANG_ENABLE_OBJC_WEAK = NO;
				CODE_SIGN_STYLE = Automatic;
				CURRENT_PROJECT_VERSION = 1;
				DEVELOPMENT_TEAM = B43F62RS7W;
				ENABLE_PREVIEWS = YES;
				GENERATE_INFOPLIST_FILE = NO;
				INFOPLIST_FILE = PhotoPrismSync/Resources/Info.plist;
				IPHONEOS_DEPLOYMENT_TARGET = 17.0;
				LD_RUNPATH_SEARCH_PATHS = "$(inherited) @executable_path/Frameworks";
				MARKETING_VERSION = 1.0;
				PRODUCT_BUNDLE_IDENTIFIER = com.mpowney.PhotoPrismSync;
				SDKROOT = iphoneos;
				SUPPORTS_MACCATALYST = NO;
				SWIFT_VERSION = 6.0;
				TARGETED_DEVICE_FAMILY = 1;
				VALIDATE_PRODUCT = YES;
			};
			name = Release;
		};
		C8DDC6140FEAA494CE7B56AB /* Release */ = {
			isa = XCBuildConfiguration;
			buildSettings = {
				ALWAYS_SEARCH_USER_PATHS = NO;
				CLANG_ANALYZER_NONNULL = YES;
				CLANG_ANALYZER_NUMBER_OBJECT_CONVERSION = YES_AGGRESSIVE;
				CLANG_CXX_LANGUAGE_STANDARD = "gnu++14";
				CLANG_CXX_LIBRARY = "libc++";
				CLANG_ENABLE_MODULES = YES;
				CLANG_ENABLE_OBJC_ARC = YES;
				CLANG_ENABLE_OBJC_WEAK = YES;
				CLANG_WARN_BLOCK_CAPTURE_AUTORELEASING = YES;
				CLANG_WARN_BOOL_CONVERSION = YES;
				CLANG_WARN_COMMA = YES;
				CLANG_WARN_CONSTANT_CONVERSION = YES;
				CLANG_WARN_DEPRECATED_OBJC_IMPLEMENTATIONS = YES;
				CLANG_WARN_DIRECT_OBJC_ISA_USAGE = YES_ERROR;
				CLANG_WARN_DOCUMENTATION_COMMENTS = YES;
				CLANG_WARN_EMPTY_BODY = YES;
				CLANG_WARN_ENUM_CONVERSION = YES;
				CLANG_WARN_INFINITE_RECURSION = YES;
				CLANG_WARN_INT_CONVERSION = YES;
				CLANG_WARN_NON_LITERAL_NULL_CONVERSION = YES;
				CLANG_WARN_OBJC_IMPLICIT_RETAIN_SELF = YES;
				CLANG_WARN_OBJC_LITERAL_CONVERSION = YES;
				CLANG_WARN_OBJC_ROOT_CLASS = YES_ERROR;
				CLANG_WARN_QUOTED_INCLUDE_IN_FRAMEWORK_HEADER = YES;
				CLANG_WARN_RANGE_LOOP_ANALYSIS = YES;
				CLANG_WARN_STRICT_PROTOTYPES = YES;
				CLANG_WARN_SUSPICIOUS_MOVE = YES;
				CLANG_WARN_UNGUARDED_AVAILABILITY = YES_AGGRESSIVE;
				CLANG_WARN_UNREACHABLE_CODE = YES;
				CLANG_WARN__DUPLICATE_METHOD_MATCH = YES;
				COPY_PHASE_STRIP = NO;
				DEBUG_INFORMATION_FORMAT = "dwarf-with-dsym";
				ENABLE_NS_ASSERTIONS = NO;
				ENABLE_STRICT_OBJC_MSGSEND = YES;
				GCC_C_LANGUAGE_STANDARD = gnu11;
				GCC_NO_COMMON_BLOCKS = YES;
				GCC_WARN_64_TO_32_BIT_CONVERSION = YES;
				GCC_WARN_ABOUT_RETURN_TYPE = YES_ERROR;
				GCC_WARN_UNDECLARED_SELECTOR = YES;
				GCC_WARN_UNINITIALIZED_AUTOS = YES_AGGRESSIVE;
				GCC_WARN_UNUSED_FUNCTION = YES;
				GCC_WARN_UNUSED_VARIABLE = YES;
				IPHONEOS_DEPLOYMENT_TARGET = 17.0;
				MTL_ENABLE_DEBUG_INFO = NO;
				MTL_FAST_MATH = YES;
				PRODUCT_NAME = "$(TARGET_NAME)";
				SWIFT_OPTIMIZATION_LEVEL = "-Owholemodule";
				SWIFT_VERSION = 6.0;
			};
			name = Release;
		};
/* End XCBuildConfiguration section */

/* Begin XCConfigurationList section */
		3805F239F75BC14925DA7F89 /* Build configuration list for PBXNativeTarget "PhotoPrismSync" */ = {
			isa = XCConfigurationList;
			buildConfigurations = (
				7841410AC12759F64EEAC343 /* Release */,
				76534E3A06C3AAD8291F74D5 /* Debug */,
			);
			defaultConfigurationIsVisible = 0;
			defaultConfigurationName = Release;
		};
		74EEC96DD66EE305E4AFE76B /* Build configuration list for PBXProject "PhotoPrismSync" */ = {
			isa = XCConfigurationList;
			buildConfigurations = (
				574B92DBCA6585BEEFB6AB8D /* Debug */,
				C8DDC6140FEAA494CE7B56AB /* Release */,
			);
			defaultConfigurationIsVisible = 0;
			defaultConfigurationName = Release;
		};
/* End XCConfigurationList section */
	};
	rootObject = 651667423B5171AC7AFB0C3D /* Project object */;
}
